// !$*UTF8*$!
{
	archiveVersion = 1;
	classes = {
	};
	objectVersion = 56;
	objects = {

/* Begin PBXBuildFile section */
		354B5DB72BC864810037CE61 /* FootballAgentApp.swift in Sources */ = {isa = PBXBuildFile; fileRef = 354B5DB62BC864810037CE61 /* FootballAgentApp.swift */; };
		354B5DB92BC864810037CE61 /* ContentView.swift in Sources */ = {isa = PBXBuildFile; fileRef = 354B5DB82BC864810037CE61 /* ContentView.swift */; };
		354B5DBB2BC864810037CE61 /* Item.swift in Sources */ = {isa = PBXBuildFile; fileRef = 354B5DBA2BC864810037CE61 /* Item.swift */; };
		354B5DBD2BC864820037CE61 /* Assets.xcassets in Resources */ = {isa = PBXBuildFile; fileRef = 354B5DBC2BC864820037CE61 /* Assets.xcassets */; };
		354B5DC02BC864820037CE61 /* Preview Assets.xcassets in Resources */ = {isa = PBXBuildFile; fileRef = 354B5DBF2BC864820037CE61 /* Preview Assets.xcassets */; };
		354B5DCC2BC864820037CE61 /* FootballAgentTests.swift in Sources */ = {isa = PBXBuildFile; fileRef = 354B5DCB2BC864820037CE61 /* FootballAgentTests.swift */; };
		354B5DD62BC864820037CE61 /* FootballAgentUITests.swift in Sources */ = {isa = PBXBuildFile; fileRef = 354B5DD52BC864820037CE61 /* FootballAgentUITests.swift */; };
		354B5DD82BC864820037CE61 /* FootballAgentUITestsLaunchTests.swift in Sources */ = {isa = PBXBuildFile; fileRef = 354B5DD72BC864820037CE61 /* FootballAgentUITestsLaunchTests.swift */; };
		354B5DE52BC8656B0037CE61 /* GoogleService-Info.plist in Resources */ = {isa = PBXBuildFile; fileRef = 354B5DE42BC8656B0037CE61 /* GoogleService-Info.plist */; };
		354B5DE82BC865C90037CE61 /* FirebaseAnalytics in Frameworks */ = {isa = PBXBuildFile; productRef = 354B5DE72BC865C90037CE61 /* FirebaseAnalytics */; };
		354B5DEA2BC865C90037CE61 /* FirebaseAnalyticsSwift in Frameworks */ = {isa = PBXBuildFile; productRef = 354B5DE92BC865C90037CE61 /* FirebaseAnalyticsSwift */; };
		354B5DEC2BC865C90037CE61 /* FirebaseCrashlytics in Frameworks */ = {isa = PBXBuildFile; productRef = 354B5DEB2BC865C90037CE61 /* FirebaseCrashlytics */; };
		354B5DF22BC8722D0037CE61 /* HomeView.swift in Sources */ = {isa = PBXBuildFile; fileRef = 354B5DF12BC8722D0037CE61 /* HomeView.swift */; };
		354B5DF42BC8764A0037CE61 /* PlayersView.swift in Sources */ = {isa = PBXBuildFile; fileRef = 354B5DF32BC8764A0037CE61 /* PlayersView.swift */; };
		354B5DF62BC876640037CE61 /* CareerView.swift in Sources */ = {isa = PBXBuildFile; fileRef = 354B5DF52BC876640037CE61 /* CareerView.swift */; };
		354B5DF82BC876780037CE61 /* SettingsView.swift in Sources */ = {isa = PBXBuildFile; fileRef = 354B5DF72BC876780037CE61 /* SettingsView.swift */; };
		354B5DFC2BC879170037CE61 /* Rating.swift in Sources */ = {isa = PBXBuildFile; fileRef = 354B5DFB2BC879170037CE61 /* Rating.swift */; };
		354B5DFE2BC87BCE0037CE61 /* Agent.swift in Sources */ = {isa = PBXBuildFile; fileRef = 354B5DFD2BC87BCD0037CE61 /* Agent.swift */; };
		354B5E002BC880100037CE61 /* Skill.swift in Sources */ = {isa = PBXBuildFile; fileRef = 354B5DFF2BC880100037CE61 /* Skill.swift */; };
		354B5E022BC886440037CE61 /* Player.swift in Sources */ = {isa = PBXBuildFile; fileRef = 354B5E012BC886440037CE61 /* Player.swift */; };
		354B5E052BC9A9F60037CE61 /* PlayerResume.swift in Sources */ = {isa = PBXBuildFile; fileRef = 354B5E042BC9A9F60037CE61 /* PlayerResume.swift */; };
		354B5E072BC9ABAE0037CE61 /* Position.swift in Sources */ = {isa = PBXBuildFile; fileRef = 354B5E062BC9ABAE0037CE61 /* Position.swift */; };
		354B5E0A2BC9B37C0037CE61 /* PlayerViewModel.swift in Sources */ = {isa = PBXBuildFile; fileRef = 354B5E092BC9B37C0037CE61 /* PlayerViewModel.swift */; };
		354B5E0C2BC9C9770037CE61 /* PlayerImages.xcassets in Resources */ = {isa = PBXBuildFile; fileRef = 354B5E0B2BC9C9770037CE61 /* PlayerImages.xcassets */; };
		354B5E0E2BC9CCE90037CE61 /* GameState.swift in Sources */ = {isa = PBXBuildFile; fileRef = 354B5E0D2BC9CCE90037CE61 /* GameState.swift */; };
		354B5E122BD058780037CE61 /* Club.swift in Sources */ = {isa = PBXBuildFile; fileRef = 354B5E112BD058780037CE61 /* Club.swift */; };
		354B5E142BD058D10037CE61 /* Division.swift in Sources */ = {isa = PBXBuildFile; fileRef = 354B5E132BD058D10037CE61 /* Division.swift */; };
		354B5E172BD059F50037CE61 /* TeamNames.swift in Sources */ = {isa = PBXBuildFile; fileRef = 354B5E162BD059F50037CE61 /* TeamNames.swift */; };
		354B5E192BD0634F0037CE61 /* AgentViewModel.swift in Sources */ = {isa = PBXBuildFile; fileRef = 354B5E182BD0634F0037CE61 /* AgentViewModel.swift */; };
/* End PBXBuildFile section */

/* Begin PBXContainerItemProxy section */
		354B5DC82BC864820037CE61 /* PBXContainerItemProxy */ = {
			isa = PBXContainerItemProxy;
			containerPortal = 354B5DAB2BC864810037CE61 /* Project object */;
			proxyType = 1;
			remoteGlobalIDString = 354B5DB22BC864810037CE61;
			remoteInfo = FootballAgent;
		};
		354B5DD22BC864820037CE61 /* PBXContainerItemProxy */ = {
			isa = PBXContainerItemProxy;
			containerPortal = 354B5DAB2BC864810037CE61 /* Project object */;
			proxyType = 1;
			remoteGlobalIDString = 354B5DB22BC864810037CE61;
			remoteInfo = FootballAgent;
		};
/* End PBXContainerItemProxy section */

/* Begin PBXFileReference section */
		354B5DB32BC864810037CE61 /* FootballAgent.app */ = {isa = PBXFileReference; explicitFileType = wrapper.application; includeInIndex = 0; path = FootballAgent.app; sourceTree = BUILT_PRODUCTS_DIR; };
		354B5DB62BC864810037CE61 /* FootballAgentApp.swift */ = {isa = PBXFileReference; lastKnownFileType = sourcecode.swift; path = FootballAgentApp.swift; sourceTree = "<group>"; };
		354B5DB82BC864810037CE61 /* ContentView.swift */ = {isa = PBXFileReference; lastKnownFileType = sourcecode.swift; path = ContentView.swift; sourceTree = "<group>"; };
		354B5DBA2BC864810037CE61 /* Item.swift */ = {isa = PBXFileReference; lastKnownFileType = sourcecode.swift; path = Item.swift; sourceTree = "<group>"; };
		354B5DBC2BC864820037CE61 /* Assets.xcassets */ = {isa = PBXFileReference; lastKnownFileType = folder.assetcatalog; path = Assets.xcassets; sourceTree = "<group>"; };
		354B5DBF2BC864820037CE61 /* Preview Assets.xcassets */ = {isa = PBXFileReference; lastKnownFileType = folder.assetcatalog; path = "Preview Assets.xcassets"; sourceTree = "<group>"; };
		354B5DC12BC864820037CE61 /* FootballAgent.entitlements */ = {isa = PBXFileReference; lastKnownFileType = text.plist.entitlements; path = FootballAgent.entitlements; sourceTree = "<group>"; };
		354B5DC22BC864820037CE61 /* Info.plist */ = {isa = PBXFileReference; lastKnownFileType = text.plist.xml; path = Info.plist; sourceTree = "<group>"; };
		354B5DC72BC864820037CE61 /* FootballAgentTests.xctest */ = {isa = PBXFileReference; explicitFileType = wrapper.cfbundle; includeInIndex = 0; path = FootballAgentTests.xctest; sourceTree = BUILT_PRODUCTS_DIR; };
		354B5DCB2BC864820037CE61 /* FootballAgentTests.swift */ = {isa = PBXFileReference; lastKnownFileType = sourcecode.swift; path = FootballAgentTests.swift; sourceTree = "<group>"; };
		354B5DD12BC864820037CE61 /* FootballAgentUITests.xctest */ = {isa = PBXFileReference; explicitFileType = wrapper.cfbundle; includeInIndex = 0; path = FootballAgentUITests.xctest; sourceTree = BUILT_PRODUCTS_DIR; };
		354B5DD52BC864820037CE61 /* FootballAgentUITests.swift */ = {isa = PBXFileReference; lastKnownFileType = sourcecode.swift; path = FootballAgentUITests.swift; sourceTree = "<group>"; };
		354B5DD72BC864820037CE61 /* FootballAgentUITestsLaunchTests.swift */ = {isa = PBXFileReference; lastKnownFileType = sourcecode.swift; path = FootballAgentUITestsLaunchTests.swift; sourceTree = "<group>"; };
		354B5DE42BC8656B0037CE61 /* GoogleService-Info.plist */ = {isa = PBXFileReference; fileEncoding = 4; lastKnownFileType = text.plist.xml; path = "GoogleService-Info.plist"; sourceTree = "<group>"; };
		354B5DF12BC8722D0037CE61 /* HomeView.swift */ = {isa = PBXFileReference; lastKnownFileType = sourcecode.swift; path = HomeView.swift; sourceTree = "<group>"; };
		354B5DF32BC8764A0037CE61 /* PlayersView.swift */ = {isa = PBXFileReference; lastKnownFileType = sourcecode.swift; path = PlayersView.swift; sourceTree = "<group>"; };
		354B5DF52BC876640037CE61 /* CareerView.swift */ = {isa = PBXFileReference; lastKnownFileType = sourcecode.swift; path = CareerView.swift; sourceTree = "<group>"; };
		354B5DF72BC876780037CE61 /* SettingsView.swift */ = {isa = PBXFileReference; lastKnownFileType = sourcecode.swift; path = SettingsView.swift; sourceTree = "<group>"; };
		354B5DFB2BC879170037CE61 /* Rating.swift */ = {isa = PBXFileReference; lastKnownFileType = sourcecode.swift; path = Rating.swift; sourceTree = "<group>"; };
		354B5DFD2BC87BCD0037CE61 /* Agent.swift */ = {isa = PBXFileReference; lastKnownFileType = sourcecode.swift; path = Agent.swift; sourceTree = "<group>"; };
		354B5DFF2BC880100037CE61 /* Skill.swift */ = {isa = PBXFileReference; lastKnownFileType = sourcecode.swift; path = Skill.swift; sourceTree = "<group>"; };
		354B5E012BC886440037CE61 /* Player.swift */ = {isa = PBXFileReference; lastKnownFileType = sourcecode.swift; path = Player.swift; sourceTree = "<group>"; };
		354B5E042BC9A9F60037CE61 /* PlayerResume.swift */ = {isa = PBXFileReference; lastKnownFileType = sourcecode.swift; path = PlayerResume.swift; sourceTree = "<group>"; };
		354B5E062BC9ABAE0037CE61 /* Position.swift */ = {isa = PBXFileReference; lastKnownFileType = sourcecode.swift; path = Position.swift; sourceTree = "<group>"; };
		354B5E092BC9B37C0037CE61 /* PlayerViewModel.swift */ = {isa = PBXFileReference; lastKnownFileType = sourcecode.swift; path = PlayerViewModel.swift; sourceTree = "<group>"; };
		354B5E0B2BC9C9770037CE61 /* PlayerImages.xcassets */ = {isa = PBXFileReference; lastKnownFileType = folder.assetcatalog; path = PlayerImages.xcassets; sourceTree = "<group>"; };
		354B5E0D2BC9CCE90037CE61 /* GameState.swift */ = {isa = PBXFileReference; lastKnownFileType = sourcecode.swift; path = GameState.swift; sourceTree = "<group>"; };
		354B5E112BD058780037CE61 /* Club.swift */ = {isa = PBXFileReference; lastKnownFileType = sourcecode.swift; path = Club.swift; sourceTree = "<group>"; };
		354B5E132BD058D10037CE61 /* Division.swift */ = {isa = PBXFileReference; lastKnownFileType = sourcecode.swift; path = Division.swift; sourceTree = "<group>"; };
		354B5E162BD059F50037CE61 /* TeamNames.swift */ = {isa = PBXFileReference; lastKnownFileType = sourcecode.swift; path = TeamNames.swift; sourceTree = "<group>"; };
		354B5E182BD0634F0037CE61 /* AgentViewModel.swift */ = {isa = PBXFileReference; lastKnownFileType = sourcecode.swift; path = AgentViewModel.swift; sourceTree = "<group>"; };
/* End PBXFileReference section */

/* Begin PBXFrameworksBuildPhase section */
		354B5DB02BC864810037CE61 /* Frameworks */ = {
			isa = PBXFrameworksBuildPhase;
			buildActionMask = 2147483647;
			files = (
				354B5DEC2BC865C90037CE61 /* FirebaseCrashlytics in Frameworks */,
				354B5DEA2BC865C90037CE61 /* FirebaseAnalyticsSwift in Frameworks */,
				354B5DE82BC865C90037CE61 /* FirebaseAnalytics in Frameworks */,
			);
			runOnlyForDeploymentPostprocessing = 0;
		};
		354B5DC42BC864820037CE61 /* Frameworks */ = {
			isa = PBXFrameworksBuildPhase;
			buildActionMask = 2147483647;
			files = (
			);
			runOnlyForDeploymentPostprocessing = 0;
		};
		354B5DCE2BC864820037CE61 /* Frameworks */ = {
			isa = PBXFrameworksBuildPhase;
			buildActionMask = 2147483647;
			files = (
			);
			runOnlyForDeploymentPostprocessing = 0;
		};
/* End PBXFrameworksBuildPhase section */

/* Begin PBXGroup section */
		354B5DAA2BC864810037CE61 = {
			isa = PBXGroup;
			children = (
				354B5DB52BC864810037CE61 /* FootballAgent */,
				354B5DCA2BC864820037CE61 /* FootballAgentTests */,
				354B5DD42BC864820037CE61 /* FootballAgentUITests */,
				354B5DB42BC864810037CE61 /* Products */,
			);
			sourceTree = "<group>";
		};
		354B5DB42BC864810037CE61 /* Products */ = {
			isa = PBXGroup;
			children = (
				354B5DB32BC864810037CE61 /* FootballAgent.app */,
				354B5DC72BC864820037CE61 /* FootballAgentTests.xctest */,
				354B5DD12BC864820037CE61 /* FootballAgentUITests.xctest */,
			);
			name = Products;
			sourceTree = "<group>";
		};
		354B5DB52BC864810037CE61 /* FootballAgent */ = {
			isa = PBXGroup;
			children = (
				354B5DB62BC864810037CE61 /* FootballAgentApp.swift */,
				354B5DF02BC8710E0037CE61 /* Views */,
				354B5E082BC9B3590037CE61 /* View Models */,
				354B5DFA2BC878F10037CE61 /* Models */,
				354B5E152BD059A10037CE61 /* Static */,
				354B5DBA2BC864810037CE61 /* Item.swift */,
				354B5DBC2BC864820037CE61 /* Assets.xcassets */,
				354B5E0B2BC9C9770037CE61 /* PlayerImages.xcassets */,
				354B5DC12BC864820037CE61 /* FootballAgent.entitlements */,
				354B5DC22BC864820037CE61 /* Info.plist */,
				354B5DE42BC8656B0037CE61 /* GoogleService-Info.plist */,
				354B5DBE2BC864820037CE61 /* Preview Content */,
			);
			path = FootballAgent;
			sourceTree = "<group>";
		};
		354B5DBE2BC864820037CE61 /* Preview Content */ = {
			isa = PBXGroup;
			children = (
				354B5DBF2BC864820037CE61 /* Preview Assets.xcassets */,
			);
			path = "Preview Content";
			sourceTree = "<group>";
		};
		354B5DCA2BC864820037CE61 /* FootballAgentTests */ = {
			isa = PBXGroup;
			children = (
				354B5DCB2BC864820037CE61 /* FootballAgentTests.swift */,
			);
			path = FootballAgentTests;
			sourceTree = "<group>";
		};
		354B5DD42BC864820037CE61 /* FootballAgentUITests */ = {
			isa = PBXGroup;
			children = (
				354B5DD52BC864820037CE61 /* FootballAgentUITests.swift */,
				354B5DD72BC864820037CE61 /* FootballAgentUITestsLaunchTests.swift */,
			);
			path = FootballAgentUITests;
			sourceTree = "<group>";
		};
		354B5DF02BC8710E0037CE61 /* Views */ = {
			isa = PBXGroup;
			children = (
				354B5E032BC9A9C00037CE61 /* Components */,
				354B5DB82BC864810037CE61 /* ContentView.swift */,
				354B5DF12BC8722D0037CE61 /* HomeView.swift */,
				354B5DF32BC8764A0037CE61 /* PlayersView.swift */,
				354B5DF52BC876640037CE61 /* CareerView.swift */,
				354B5DF72BC876780037CE61 /* SettingsView.swift */,
			);
			path = Views;
			sourceTree = "<group>";
		};
		354B5DFA2BC878F10037CE61 /* Models */ = {
			isa = PBXGroup;
			children = (
				354B5DFB2BC879170037CE61 /* Rating.swift */,
				354B5DFF2BC880100037CE61 /* Skill.swift */,
				354B5DFD2BC87BCD0037CE61 /* Agent.swift */,
				354B5E012BC886440037CE61 /* Player.swift */,
				354B5E062BC9ABAE0037CE61 /* Position.swift */,
				354B5E0D2BC9CCE90037CE61 /* GameState.swift */,
				354B5E112BD058780037CE61 /* Club.swift */,
				354B5E132BD058D10037CE61 /* Division.swift */,
			);
			path = Models;
			sourceTree = "<group>";
		};
		354B5E032BC9A9C00037CE61 /* Components */ = {
			isa = PBXGroup;
			children = (
				354B5E042BC9A9F60037CE61 /* PlayerResume.swift */,
			);
			path = Components;
			sourceTree = "<group>";
		};
		354B5E082BC9B3590037CE61 /* View Models */ = {
			isa = PBXGroup;
			children = (
				354B5E092BC9B37C0037CE61 /* PlayerViewModel.swift */,
				354B5E182BD0634F0037CE61 /* AgentViewModel.swift */,
			);
			path = "View Models";
			sourceTree = "<group>";
		};
		354B5E152BD059A10037CE61 /* Static */ = {
			isa = PBXGroup;
			children = (
				354B5E162BD059F50037CE61 /* TeamNames.swift */,
			);
			path = Static;
			sourceTree = "<group>";
		};
/* End PBXGroup section */

/* Begin PBXNativeTarget section */
		354B5DB22BC864810037CE61 /* FootballAgent */ = {
			isa = PBXNativeTarget;
			buildConfigurationList = 354B5DDB2BC864820037CE61 /* Build configuration list for PBXNativeTarget "FootballAgent" */;
			buildPhases = (
				354B5DAF2BC864810037CE61 /* Sources */,
				354B5DB02BC864810037CE61 /* Frameworks */,
				354B5DB12BC864810037CE61 /* Resources */,
				354B5DED2BC868650037CE61 /* ShellScript */,
			);
			buildRules = (
			);
			dependencies = (
			);
			name = FootballAgent;
			packageProductDependencies = (
				354B5DE72BC865C90037CE61 /* FirebaseAnalytics */,
				354B5DE92BC865C90037CE61 /* FirebaseAnalyticsSwift */,
				354B5DEB2BC865C90037CE61 /* FirebaseCrashlytics */,
			);
			productName = FootballAgent;
			productReference = 354B5DB32BC864810037CE61 /* FootballAgent.app */;
			productType = "com.apple.product-type.application";
		};
		354B5DC62BC864820037CE61 /* FootballAgentTests */ = {
			isa = PBXNativeTarget;
			buildConfigurationList = 354B5DDE2BC864820037CE61 /* Build configuration list for PBXNativeTarget "FootballAgentTests" */;
			buildPhases = (
				354B5DC32BC864820037CE61 /* Sources */,
				354B5DC42BC864820037CE61 /* Frameworks */,
				354B5DC52BC864820037CE61 /* Resources */,
			);
			buildRules = (
			);
			dependencies = (
				354B5DC92BC864820037CE61 /* PBXTargetDependency */,
			);
			name = FootballAgentTests;
			productName = FootballAgentTests;
			productReference = 354B5DC72BC864820037CE61 /* FootballAgentTests.xctest */;
			productType = "com.apple.product-type.bundle.unit-test";
		};
		354B5DD02BC864820037CE61 /* FootballAgentUITests */ = {
			isa = PBXNativeTarget;
			buildConfigurationList = 354B5DE12BC864820037CE61 /* Build configuration list for PBXNativeTarget "FootballAgentUITests" */;
			buildPhases = (
				354B5DCD2BC864820037CE61 /* Sources */,
				354B5DCE2BC864820037CE61 /* Frameworks */,
				354B5DCF2BC864820037CE61 /* Resources */,
			);
			buildRules = (
			);
			dependencies = (
				354B5DD32BC864820037CE61 /* PBXTargetDependency */,
			);
			name = FootballAgentUITests;
			productName = FootballAgentUITests;
			productReference = 354B5DD12BC864820037CE61 /* FootballAgentUITests.xctest */;
			productType = "com.apple.product-type.bundle.ui-testing";
		};
/* End PBXNativeTarget section */

/* Begin PBXProject section */
		354B5DAB2BC864810037CE61 /* Project object */ = {
			isa = PBXProject;
			attributes = {
				BuildIndependentTargetsInParallel = 1;
				LastSwiftUpdateCheck = 1510;
				LastUpgradeCheck = 1510;
				TargetAttributes = {
					354B5DB22BC864810037CE61 = {
						CreatedOnToolsVersion = 15.1;
					};
					354B5DC62BC864820037CE61 = {
						CreatedOnToolsVersion = 15.1;
						TestTargetID = 354B5DB22BC864810037CE61;
					};
					354B5DD02BC864820037CE61 = {
						CreatedOnToolsVersion = 15.1;
						TestTargetID = 354B5DB22BC864810037CE61;
					};
				};
			};
			buildConfigurationList = 354B5DAE2BC864810037CE61 /* Build configuration list for PBXProject "FootballAgent" */;
			compatibilityVersion = "Xcode 14.0";
			developmentRegion = en;
			hasScannedForEncodings = 0;
			knownRegions = (
				en,
				Base,
			);
			mainGroup = 354B5DAA2BC864810037CE61;
			packageReferences = (
				354B5DE62BC865C90037CE61 /* XCRemoteSwiftPackageReference "firebase-ios-sdk" */,
			);
			productRefGroup = 354B5DB42BC864810037CE61 /* Products */;
			projectDirPath = "";
			projectRoot = "";
			targets = (
				354B5DB22BC864810037CE61 /* FootballAgent */,
				354B5DC62BC864820037CE61 /* FootballAgentTests */,
				354B5DD02BC864820037CE61 /* FootballAgentUITests */,
			);
		};
/* End PBXProject section */

/* Begin PBXResourcesBuildPhase section */
		354B5DB12BC864810037CE61 /* Resources */ = {
			isa = PBXResourcesBuildPhase;
			buildActionMask = 2147483647;
			files = (
				354B5E0C2BC9C9770037CE61 /* PlayerImages.xcassets in Resources */,
				354B5DC02BC864820037CE61 /* Preview Assets.xcassets in Resources */,
				354B5DBD2BC864820037CE61 /* Assets.xcassets in Resources */,
				354B5DE52BC8656B0037CE61 /* GoogleService-Info.plist in Resources */,
			);
			runOnlyForDeploymentPostprocessing = 0;
		};
		354B5DC52BC864820037CE61 /* Resources */ = {
			isa = PBXResourcesBuildPhase;
			buildActionMask = 2147483647;
			files = (
			);
			runOnlyForDeploymentPostprocessing = 0;
		};
		354B5DCF2BC864820037CE61 /* Resources */ = {
			isa = PBXResourcesBuildPhase;
			buildActionMask = 2147483647;
			files = (
			);
			runOnlyForDeploymentPostprocessing = 0;
		};
/* End PBXResourcesBuildPhase section */

/* Begin PBXShellScriptBuildPhase section */
		354B5DED2BC868650037CE61 /* ShellScript */ = {
			isa = PBXShellScriptBuildPhase;
			buildActionMask = 2147483647;
			files = (
			);
			inputFileListPaths = (
			);
			inputPaths = (
				"${DWARF_DSYM_FOLDER_PATH}/${DWARF_DSYM_FILE_NAME}",
				"${DWARF_DSYM_FOLDER_PATH}/${DWARF_DSYM_FILE_NAME}/Contents/Resources/DWARF/${PRODUCT_NAME}",
				"${DWARF_DSYM_FOLDER_PATH}/${DWARF_DSYM_FILE_NAME}/Contents/Info.plist",
				"$(TARGET_BUILD_DIR)/$(UNLOCALIZED_RESOURCES_FOLDER_PATH)/GoogleService-Info.plist",
				"$(TARGET_BUILD_DIR)/$(EXECUTABLE_PATH)",
			);
			outputFileListPaths = (
			);
			outputPaths = (
			);
			runOnlyForDeploymentPostprocessing = 0;
			shellPath = /bin/sh;
			shellScript = "\"${BUILD_DIR%/Build/*}/SourcePackages/checkouts/firebase-ios-sdk/Crashlytics/run\"\n";
		};
/* End PBXShellScriptBuildPhase section */

/* Begin PBXSourcesBuildPhase section */
		354B5DAF2BC864810037CE61 /* Sources */ = {
			isa = PBXSourcesBuildPhase;
			buildActionMask = 2147483647;
			files = (
				354B5E022BC886440037CE61 /* Player.swift in Sources */,
				354B5DFC2BC879170037CE61 /* Rating.swift in Sources */,
				354B5DF82BC876780037CE61 /* SettingsView.swift in Sources */,
				354B5E142BD058D10037CE61 /* Division.swift in Sources */,
				354B5DF42BC8764A0037CE61 /* PlayersView.swift in Sources */,
				354B5E172BD059F50037CE61 /* TeamNames.swift in Sources */,
				354B5E002BC880100037CE61 /* Skill.swift in Sources */,
				354B5E0A2BC9B37C0037CE61 /* PlayerViewModel.swift in Sources */,
				354B5DFE2BC87BCE0037CE61 /* Agent.swift in Sources */,
				354B5DB92BC864810037CE61 /* ContentView.swift in Sources */,
				354B5E072BC9ABAE0037CE61 /* Position.swift in Sources */,
				354B5E192BD0634F0037CE61 /* AgentViewModel.swift in Sources */,
				354B5DF22BC8722D0037CE61 /* HomeView.swift in Sources */,
				354B5DBB2BC864810037CE61 /* Item.swift in Sources */,
				354B5E122BD058780037CE61 /* Club.swift in Sources */,
				354B5DF62BC876640037CE61 /* CareerView.swift in Sources */,
				354B5E0E2BC9CCE90037CE61 /* GameState.swift in Sources */,
				354B5DB72BC864810037CE61 /* FootballAgentApp.swift in Sources */,
				354B5E052BC9A9F60037CE61 /* PlayerResume.swift in Sources */,
			);
			runOnlyForDeploymentPostprocessing = 0;
		};
		354B5DC32BC864820037CE61 /* Sources */ = {
			isa = PBXSourcesBuildPhase;
			buildActionMask = 2147483647;
			files = (
				354B5DCC2BC864820037CE61 /* FootballAgentTests.swift in Sources */,
			);
			runOnlyForDeploymentPostprocessing = 0;
		};
		354B5DCD2BC864820037CE61 /* Sources */ = {
			isa = PBXSourcesBuildPhase;
			buildActionMask = 2147483647;
			files = (
				354B5DD62BC864820037CE61 /* FootballAgentUITests.swift in Sources */,
				354B5DD82BC864820037CE61 /* FootballAgentUITestsLaunchTests.swift in Sources */,
			);
			runOnlyForDeploymentPostprocessing = 0;
		};
/* End PBXSourcesBuildPhase section */

/* Begin PBXTargetDependency section */
		354B5DC92BC864820037CE61 /* PBXTargetDependency */ = {
			isa = PBXTargetDependency;
			target = 354B5DB22BC864810037CE61 /* FootballAgent */;
			targetProxy = 354B5DC82BC864820037CE61 /* PBXContainerItemProxy */;
		};
		354B5DD32BC864820037CE61 /* PBXTargetDependency */ = {
			isa = PBXTargetDependency;
			target = 354B5DB22BC864810037CE61 /* FootballAgent */;
			targetProxy = 354B5DD22BC864820037CE61 /* PBXContainerItemProxy */;
		};
/* End PBXTargetDependency section */

/* Begin XCBuildConfiguration section */
		354B5DD92BC864820037CE61 /* Debug */ = {
			isa = XCBuildConfiguration;
			buildSettings = {
				ALWAYS_SEARCH_USER_PATHS = NO;
				ASSETCATALOG_COMPILER_GENERATE_SWIFT_ASSET_SYMBOL_EXTENSIONS = YES;
				CLANG_ANALYZER_NONNULL = YES;
				CLANG_ANALYZER_NUMBER_OBJECT_CONVERSION = YES_AGGRESSIVE;
				CLANG_CXX_LANGUAGE_STANDARD = "gnu++20";
				CLANG_ENABLE_MODULES = YES;
				CLANG_ENABLE_OBJC_ARC = YES;
				CLANG_ENABLE_OBJC_WEAK = YES;
				CLANG_WARN_BLOCK_CAPTURE_AUTORELEASING = YES;
				CLANG_WARN_BOOL_CONVERSION = YES;
				CLANG_WARN_COMMA = YES;
				CLANG_WARN_CONSTANT_CONVERSION = YES;
				CLANG_WARN_DEPRECATED_OBJC_IMPLEMENTATIONS = YES;
				CLANG_WARN_DIRECT_OBJC_ISA_USAGE = YES_ERROR;
				CLANG_WARN_DOCUMENTATION_COMMENTS = YES;
				CLANG_WARN_EMPTY_BODY = YES;
				CLANG_WARN_ENUM_CONVERSION = YES;
				CLANG_WARN_INFINITE_RECURSION = YES;
				CLANG_WARN_INT_CONVERSION = YES;
				CLANG_WARN_NON_LITERAL_NULL_CONVERSION = YES;
				CLANG_WARN_OBJC_IMPLICIT_RETAIN_SELF = YES;
				CLANG_WARN_OBJC_LITERAL_CONVERSION = YES;
				CLANG_WARN_OBJC_ROOT_CLASS = YES_ERROR;
				CLANG_WARN_QUOTED_INCLUDE_IN_FRAMEWORK_HEADER = YES;
				CLANG_WARN_RANGE_LOOP_ANALYSIS = YES;
				CLANG_WARN_STRICT_PROTOTYPES = YES;
				CLANG_WARN_SUSPICIOUS_MOVE = YES;
				CLANG_WARN_UNGUARDED_AVAILABILITY = YES_AGGRESSIVE;
				CLANG_WARN_UNREACHABLE_CODE = YES;
				CLANG_WARN__DUPLICATE_METHOD_MATCH = YES;
				COPY_PHASE_STRIP = NO;
				DEBUG_INFORMATION_FORMAT = dwarf;
				ENABLE_STRICT_OBJC_MSGSEND = YES;
				ENABLE_TESTABILITY = YES;
				ENABLE_USER_SCRIPT_SANDBOXING = YES;
				GCC_C_LANGUAGE_STANDARD = gnu17;
				GCC_DYNAMIC_NO_PIC = NO;
				GCC_NO_COMMON_BLOCKS = YES;
				GCC_OPTIMIZATION_LEVEL = 0;
				GCC_PREPROCESSOR_DEFINITIONS = (
					"DEBUG=1",
					"$(inherited)",
				);
				GCC_WARN_64_TO_32_BIT_CONVERSION = YES;
				GCC_WARN_ABOUT_RETURN_TYPE = YES_ERROR;
				GCC_WARN_UNDECLARED_SELECTOR = YES;
				GCC_WARN_UNINITIALIZED_AUTOS = YES_AGGRESSIVE;
				GCC_WARN_UNUSED_FUNCTION = YES;
				GCC_WARN_UNUSED_VARIABLE = YES;
				IPHONEOS_DEPLOYMENT_TARGET = 17.2;
				LOCALIZATION_PREFERS_STRING_CATALOGS = YES;
				MTL_ENABLE_DEBUG_INFO = INCLUDE_SOURCE;
				MTL_FAST_MATH = YES;
				ONLY_ACTIVE_ARCH = YES;
				SDKROOT = iphoneos;
				SWIFT_ACTIVE_COMPILATION_CONDITIONS = "DEBUG $(inherited)";
				SWIFT_OPTIMIZATION_LEVEL = "-Onone";
			};
			name = Debug;
		};
		354B5DDA2BC864820037CE61 /* Release */ = {
			isa = XCBuildConfiguration;
			buildSettings = {
				ALWAYS_SEARCH_USER_PATHS = NO;
				ASSETCATALOG_COMPILER_GENERATE_SWIFT_ASSET_SYMBOL_EXTENSIONS = YES;
				CLANG_ANALYZER_NONNULL = YES;
				CLANG_ANALYZER_NUMBER_OBJECT_CONVERSION = YES_AGGRESSIVE;
				CLANG_CXX_LANGUAGE_STANDARD = "gnu++20";
				CLANG_ENABLE_MODULES = YES;
				CLANG_ENABLE_OBJC_ARC = YES;
				CLANG_ENABLE_OBJC_WEAK = YES;
				CLANG_WARN_BLOCK_CAPTURE_AUTORELEASING = YES;
				CLANG_WARN_BOOL_CONVERSION = YES;
				CLANG_WARN_COMMA = YES;
				CLANG_WARN_CONSTANT_CONVERSION = YES;
				CLANG_WARN_DEPRECATED_OBJC_IMPLEMENTATIONS = YES;
				CLANG_WARN_DIRECT_OBJC_ISA_USAGE = YES_ERROR;
				CLANG_WARN_DOCUMENTATION_COMMENTS = YES;
				CLANG_WARN_EMPTY_BODY = YES;
				CLANG_WARN_ENUM_CONVERSION = YES;
				CLANG_WARN_INFINITE_RECURSION = YES;
				CLANG_WARN_INT_CONVERSION = YES;
				CLANG_WARN_NON_LITERAL_NULL_CONVERSION = YES;
				CLANG_WARN_OBJC_IMPLICIT_RETAIN_SELF = YES;
				CLANG_WARN_OBJC_LITERAL_CONVERSION = YES;
				CLANG_WARN_OBJC_ROOT_CLASS = YES_ERROR;
				CLANG_WARN_QUOTED_INCLUDE_IN_FRAMEWORK_HEADER = YES;
				CLANG_WARN_RANGE_LOOP_ANALYSIS = YES;
				CLANG_WARN_STRICT_PROTOTYPES = YES;
				CLANG_WARN_SUSPICIOUS_MOVE = YES;
				CLANG_WARN_UNGUARDED_AVAILABILITY = YES_AGGRESSIVE;
				CLANG_WARN_UNREACHABLE_CODE = YES;
				CLANG_WARN__DUPLICATE_METHOD_MATCH = YES;
				COPY_PHASE_STRIP = NO;
				DEBUG_INFORMATION_FORMAT = "dwarf-with-dsym";
				ENABLE_NS_ASSERTIONS = NO;
				ENABLE_STRICT_OBJC_MSGSEND = YES;
				ENABLE_USER_SCRIPT_SANDBOXING = YES;
				GCC_C_LANGUAGE_STANDARD = gnu17;
				GCC_NO_COMMON_BLOCKS = YES;
				GCC_WARN_64_TO_32_BIT_CONVERSION = YES;
				GCC_WARN_ABOUT_RETURN_TYPE = YES_ERROR;
				GCC_WARN_UNDECLARED_SELECTOR = YES;
				GCC_WARN_UNINITIALIZED_AUTOS = YES_AGGRESSIVE;
				GCC_WARN_UNUSED_FUNCTION = YES;
				GCC_WARN_UNUSED_VARIABLE = YES;
				IPHONEOS_DEPLOYMENT_TARGET = 17.2;
				LOCALIZATION_PREFERS_STRING_CATALOGS = YES;
				MTL_ENABLE_DEBUG_INFO = NO;
				MTL_FAST_MATH = YES;
				SDKROOT = iphoneos;
				SWIFT_COMPILATION_MODE = wholemodule;
				VALIDATE_PRODUCT = YES;
			};
			name = Release;
		};
		354B5DDC2BC864820037CE61 /* Debug */ = {
			isa = XCBuildConfiguration;
			buildSettings = {
				ASSETCATALOG_COMPILER_APPICON_NAME = AppIcon;
				ASSETCATALOG_COMPILER_GLOBAL_ACCENT_COLOR_NAME = AccentColor;
				CODE_SIGN_ENTITLEMENTS = FootballAgent/FootballAgent.entitlements;
				CODE_SIGN_STYLE = Automatic;
				CURRENT_PROJECT_VERSION = 1;
				DEBUG_INFORMATION_FORMAT = "dwarf-with-dsym";
				DEVELOPMENT_ASSET_PATHS = "\"FootballAgent/Preview Content\"";
				DEVELOPMENT_TEAM = HE664BQ32P;
				ENABLE_PREVIEWS = YES;
				GENERATE_INFOPLIST_FILE = YES;
				INFOPLIST_FILE = FootballAgent/Info.plist;
				INFOPLIST_KEY_CFBundleDisplayName = "Football Agent";
				INFOPLIST_KEY_LSApplicationCategoryType = "public.app-category.simulation-games";
				INFOPLIST_KEY_UIApplicationSceneManifest_Generation = YES;
				INFOPLIST_KEY_UIApplicationSupportsIndirectInputEvents = YES;
				INFOPLIST_KEY_UILaunchScreen_Generation = YES;
				INFOPLIST_KEY_UISupportedInterfaceOrientations_iPad = "UIInterfaceOrientationPortrait UIInterfaceOrientationPortraitUpsideDown UIInterfaceOrientationLandscapeLeft UIInterfaceOrientationLandscapeRight";
				INFOPLIST_KEY_UISupportedInterfaceOrientations_iPhone = "UIInterfaceOrientationPortrait UIInterfaceOrientationLandscapeLeft UIInterfaceOrientationLandscapeRight";
				LD_RUNPATH_SEARCH_PATHS = (
					"$(inherited)",
					"@executable_path/Frameworks",
				);
				MARKETING_VERSION = 1.0;
				PRODUCT_BUNDLE_IDENTIFIER = com.FootballStar.FootballAgent;
				PRODUCT_NAME = "$(TARGET_NAME)";
				SWIFT_EMIT_LOC_STRINGS = YES;
				SWIFT_VERSION = 5.0;
				TARGETED_DEVICE_FAMILY = "1,2";
			};
			name = Debug;
		};
		354B5DDD2BC864820037CE61 /* Release */ = {
			isa = XCBuildConfiguration;
			buildSettings = {
				ASSETCATALOG_COMPILER_APPICON_NAME = AppIcon;
				ASSETCATALOG_COMPILER_GLOBAL_ACCENT_COLOR_NAME = AccentColor;
				CODE_SIGN_ENTITLEMENTS = FootballAgent/FootballAgent.entitlements;
				CODE_SIGN_STYLE = Automatic;
				CURRENT_PROJECT_VERSION = 1;
				DEVELOPMENT_ASSET_PATHS = "\"FootballAgent/Preview Content\"";
				DEVELOPMENT_TEAM = HE664BQ32P;
				ENABLE_PREVIEWS = YES;
				GENERATE_INFOPLIST_FILE = YES;
				INFOPLIST_FILE = FootballAgent/Info.plist;
				INFOPLIST_KEY_CFBundleDisplayName = "Football Agent";
				INFOPLIST_KEY_LSApplicationCategoryType = "public.app-category.simulation-games";
				INFOPLIST_KEY_UIApplicationSceneManifest_Generation = YES;
				INFOPLIST_KEY_UIApplicationSupportsIndirectInputEvents = YES;
				INFOPLIST_KEY_UILaunchScreen_Generation = YES;
				INFOPLIST_KEY_UISupportedInterfaceOrientations_iPad = "UIInterfaceOrientationPortrait UIInterfaceOrientationPortraitUpsideDown UIInterfaceOrientationLandscapeLeft UIInterfaceOrientationLandscapeRight";
				INFOPLIST_KEY_UISupportedInterfaceOrientations_iPhone = "UIInterfaceOrientationPortrait UIInterfaceOrientationLandscapeLeft UIInterfaceOrientationLandscapeRight";
				LD_RUNPATH_SEARCH_PATHS = (
					"$(inherited)",
					"@executable_path/Frameworks",
				);
				MARKETING_VERSION = 1.0;
				PRODUCT_BUNDLE_IDENTIFIER = com.FootballStar.FootballAgent;
				PRODUCT_NAME = "$(TARGET_NAME)";
				SWIFT_EMIT_LOC_STRINGS = YES;
				SWIFT_VERSION = 5.0;
				TARGETED_DEVICE_FAMILY = "1,2";
			};
			name = Release;
		};
		354B5DDF2BC864820037CE61 /* Debug */ = {
			isa = XCBuildConfiguration;
			buildSettings = {
				ALWAYS_EMBED_SWIFT_STANDARD_LIBRARIES = YES;
				BUNDLE_LOADER = "$(TEST_HOST)";
				CODE_SIGN_STYLE = Automatic;
				CURRENT_PROJECT_VERSION = 1;
				DEVELOPMENT_TEAM = HE664BQ32P;
				GENERATE_INFOPLIST_FILE = YES;
				IPHONEOS_DEPLOYMENT_TARGET = 17.2;
				MARKETING_VERSION = 1.0;
				PRODUCT_BUNDLE_IDENTIFIER = com.FootballStar.FootballAgentTests;
				PRODUCT_NAME = "$(TARGET_NAME)";
				SWIFT_EMIT_LOC_STRINGS = NO;
				SWIFT_VERSION = 5.0;
				TARGETED_DEVICE_FAMILY = "1,2";
				TEST_HOST = "$(BUILT_PRODUCTS_DIR)/FootballAgent.app/$(BUNDLE_EXECUTABLE_FOLDER_PATH)/FootballAgent";
			};
			name = Debug;
		};
		354B5DE02BC864820037CE61 /* Release */ = {
			isa = XCBuildConfiguration;
			buildSettings = {
				ALWAYS_EMBED_SWIFT_STANDARD_LIBRARIES = YES;
				BUNDLE_LOADER = "$(TEST_HOST)";
				CODE_SIGN_STYLE = Automatic;
				CURRENT_PROJECT_VERSION = 1;
				DEVELOPMENT_TEAM = HE664BQ32P;
				GENERATE_INFOPLIST_FILE = YES;
				IPHONEOS_DEPLOYMENT_TARGET = 17.2;
				MARKETING_VERSION = 1.0;
				PRODUCT_BUNDLE_IDENTIFIER = com.FootballStar.FootballAgentTests;
				PRODUCT_NAME = "$(TARGET_NAME)";
				SWIFT_EMIT_LOC_STRINGS = NO;
				SWIFT_VERSION = 5.0;
				TARGETED_DEVICE_FAMILY = "1,2";
				TEST_HOST = "$(BUILT_PRODUCTS_DIR)/FootballAgent.app/$(BUNDLE_EXECUTABLE_FOLDER_PATH)/FootballAgent";
			};
			name = Release;
		};
		354B5DE22BC864820037CE61 /* Debug */ = {
			isa = XCBuildConfiguration;
			buildSettings = {
				ALWAYS_EMBED_SWIFT_STANDARD_LIBRARIES = YES;
				CODE_SIGN_STYLE = Automatic;
				CURRENT_PROJECT_VERSION = 1;
				DEVELOPMENT_TEAM = HE664BQ32P;
				GENERATE_INFOPLIST_FILE = YES;
				MARKETING_VERSION = 1.0;
				PRODUCT_BUNDLE_IDENTIFIER = com.FootballStar.FootballAgentUITests;
				PRODUCT_NAME = "$(TARGET_NAME)";
				SWIFT_EMIT_LOC_STRINGS = NO;
				SWIFT_VERSION = 5.0;
				TARGETED_DEVICE_FAMILY = "1,2";
				TEST_TARGET_NAME = FootballAgent;
			};
			name = Debug;
		};
		354B5DE32BC864820037CE61 /* Release */ = {
			isa = XCBuildConfiguration;
			buildSettings = {
				ALWAYS_EMBED_SWIFT_STANDARD_LIBRARIES = YES;
				CODE_SIGN_STYLE = Automatic;
				CURRENT_PROJECT_VERSION = 1;
				DEVELOPMENT_TEAM = HE664BQ32P;
				GENERATE_INFOPLIST_FILE = YES;
				MARKETING_VERSION = 1.0;
				PRODUCT_BUNDLE_IDENTIFIER = com.FootballStar.FootballAgentUITests;
				PRODUCT_NAME = "$(TARGET_NAME)";
				SWIFT_EMIT_LOC_STRINGS = NO;
				SWIFT_VERSION = 5.0;
				TARGETED_DEVICE_FAMILY = "1,2";
				TEST_TARGET_NAME = FootballAgent;
			};
			name = Release;
		};
/* End XCBuildConfiguration section */

/* Begin XCConfigurationList section */
		354B5DAE2BC864810037CE61 /* Build configuration list for PBXProject "FootballAgent" */ = {
			isa = XCConfigurationList;
			buildConfigurations = (
				354B5DD92BC864820037CE61 /* Debug */,
				354B5DDA2BC864820037CE61 /* Release */,
			);
			defaultConfigurationIsVisible = 0;
			defaultConfigurationName = Release;
		};
		354B5DDB2BC864820037CE61 /* Build configuration list for PBXNativeTarget "FootballAgent" */ = {
			isa = XCConfigurationList;
			buildConfigurations = (
				354B5DDC2BC864820037CE61 /* Debug */,
				354B5DDD2BC864820037CE61 /* Release */,
			);
			defaultConfigurationIsVisible = 0;
			defaultConfigurationName = Release;
		};
		354B5DDE2BC864820037CE61 /* Build configuration list for PBXNativeTarget "FootballAgentTests" */ = {
			isa = XCConfigurationList;
			buildConfigurations = (
				354B5DDF2BC864820037CE61 /* Debug */,
				354B5DE02BC864820037CE61 /* Release */,
			);
			defaultConfigurationIsVisible = 0;
			defaultConfigurationName = Release;
		};
		354B5DE12BC864820037CE61 /* Build configuration list for PBXNativeTarget "FootballAgentUITests" */ = {
			isa = XCConfigurationList;
			buildConfigurations = (
				354B5DE22BC864820037CE61 /* Debug */,
				354B5DE32BC864820037CE61 /* Release */,
			);
			defaultConfigurationIsVisible = 0;
			defaultConfigurationName = Release;
		};
/* End XCConfigurationList section */

/* Begin XCRemoteSwiftPackageReference section */
		354B5DE62BC865C90037CE61 /* XCRemoteSwiftPackageReference "firebase-ios-sdk" */ = {
			isa = XCRemoteSwiftPackageReference;
			repositoryURL = "https://github.com/firebase/firebase-ios-sdk";
			requirement = {
				kind = upToNextMajorVersion;
				minimumVersion = 10.24.0;
			};
		};
/* End XCRemoteSwiftPackageReference section */

/* Begin XCSwiftPackageProductDependency section */
		354B5DE72BC865C90037CE61 /* FirebaseAnalytics */ = {
			isa = XCSwiftPackageProductDependency;
			package = 354B5DE62BC865C90037CE61 /* XCRemoteSwiftPackageReference "firebase-ios-sdk" */;
			productName = FirebaseAnalytics;
		};
		354B5DE92BC865C90037CE61 /* FirebaseAnalyticsSwift */ = {
			isa = XCSwiftPackageProductDependency;
			package = 354B5DE62BC865C90037CE61 /* XCRemoteSwiftPackageReference "firebase-ios-sdk" */;
			productName = FirebaseAnalyticsSwift;
		};
		354B5DEB2BC865C90037CE61 /* FirebaseCrashlytics */ = {
			isa = XCSwiftPackageProductDependency;
			package = 354B5DE62BC865C90037CE61 /* XCRemoteSwiftPackageReference "firebase-ios-sdk" */;
			productName = FirebaseCrashlytics;
		};
/* End XCSwiftPackageProductDependency section */
	};
	rootObject = 354B5DAB2BC864810037CE61 /* Project object */;
}
